
Microsoft Visual Studio Solution File, Format Version 12.00
# Visual Studio Version 17
VisualStudioVersion = 17.8.34525.116
MinimumVisualStudioVersion = 10.0.40219.1
Project("{FAE04EC0-301F-11D3-BF4B-00C04F79EFBC}") = "UI", "UI\UI.csproj", "{8FECA067-2DF2-4976-A613-0C4B37043629}"
EndProject
Project("{FAE04EC0-301F-11D3-BF4B-00C04F79EFBC}") = "DataLayer", "DataLayer\DataLayer.csproj", "{71029512-FEEB-433A-9003-D009E7264E8D}"
EndProject
Global
	GlobalSection(SolutionConfigurationPlatforms) = preSolution
		Debug|Any CPU = Debug|Any CPU
		Release|Any CPU = Release|Any CPU
	EndGlobalSection
	GlobalSection(ProjectConfigurationPlatforms) = postSolution
		{8FECA067-2DF2-4976-A613-0C4B37043629}.Debug|Any CPU.ActiveCfg = Debug|Any CPU
		{8FECA067-2DF2-4976-A613-0C4B37043629}.Debug|Any CPU.Build.0 = Debug|Any CPU
		{8FECA067-2DF2-4976-A613-0C4B37043629}.Release|Any CPU.ActiveCfg = Release|Any CPU
		{8FECA067-2DF2-4976-A613-0C4B37043629}.Release|Any CPU.Build.0 = Release|Any CPU
		{71029512-FEEB-433A-9003-D009E7264E8D}.Debug|Any CPU.ActiveCfg = Debug|Any CPU
		{71029512-FEEB-433A-9003-D009E7264E8D}.Debug|Any CPU.Build.0 = Debug|Any CPU
		{71029512-FEEB-433A-9003-D009E7264E8D}.Release|Any CPU.ActiveCfg = Release|Any CPU
		{71029512-FEEB-433A-9003-D009E7264E8D}.Release|Any CPU.Build.0 = Release|Any CPU
	EndGlobalSection
	GlobalSection(SolutionProperties) = preSolution
		HideSolutionNode = FALSE
	EndGlobalSection
	GlobalSection(ExtensibilityGlobals) = postSolution
		SolutionGuid = {DF959D58-2124-4147-8F8B-7F5A15D514F9}
	EndGlobalSection
EndGlobal
